# This configuration file is used to auto-generate README files
# if you have multiple b2s files or roms, use the - on a new line to denote each one

name: 'Beat The Clock (Bally 1985)'
tester: 'n-i-x'
FPS: '34'
special_instructions: 
     - 'Make sure the vpx, direct2b, and ini files are all named the "exact" same'
     - 'Place beatclck.zip and beatclck2.zip in the external/vpx-beattheclock/pinmame/roms folder *Do Not unzip*'
vps_table_id: M_-abOpiP4
vps_b2s_ids: 
     - -TDRJN1qi4
vps_rom_ids: 
     - version: beatclck
       authors: Destruk
